
Microsoft Visual Studio Solution File, Format Version 12.00
# Visual Studio Version 17
VisualStudioVersion = 17.6.33829.357
MinimumVisualStudioVersion = 10.0.40219.1
Project("{FAE04EC0-301F-11D3-BF4B-00C04F79EFBC}") = "Sugoi.Functions", "Sugoi.Functions\Sugoi.Functions.csproj", "{B36EF9BC-EDF8-4E87-A7C5-072E874E8E20}"
EndProject
Global
	GlobalSection(SolutionConfigurationPlatforms) = preSolution
		Debug|Any CPU = Debug|Any CPU
		Release|Any CPU = Release|Any CPU
	EndGlobalSection
	GlobalSection(ProjectConfigurationPlatforms) = postSolution
		{B36EF9BC-EDF8-4E87-A7C5-072E874E8E20}.Debug|Any CPU.ActiveCfg = Debug|Any CPU
		{B36EF9BC-EDF8-4E87-A7C5-072E874E8E20}.Debug|Any CPU.Build.0 = Debug|Any CPU
		{B36EF9BC-EDF8-4E87-A7C5-072E874E8E20}.Release|Any CPU.ActiveCfg = Release|Any CPU
		{B36EF9BC-EDF8-4E87-A7C5-072E874E8E20}.Release|Any CPU.Build.0 = Release|Any CPU
	EndGlobalSection
	GlobalSection(SolutionProperties) = preSolution
		HideSolutionNode = FALSE
	EndGlobalSection
	GlobalSection(ExtensibilityGlobals) = postSolution
		SolutionGuid = {BAD6C09F-917E-4F98-8560-D547D76E6BB1}
	EndGlobalSection
EndGlobal
